
Microsoft Visual Studio Solution File, Format Version 12.00
# Visual Studio Version 17
VisualStudioVersion = 17.2.32630.192
MinimumVisualStudioVersion = 10.0.40219.1
Project("{FAE04EC0-301F-11D3-BF4B-00C04F79EFBC}") = "app1.2", "app1.2\app1.2.csproj", "{7F17252E-3732-451B-9090-775696B04AB9}"
EndProject
Global
	GlobalSection(SolutionConfigurationPlatforms) = preSolution
		Debug|Any CPU = Debug|Any CPU
		Release|Any CPU = Release|Any CPU
	EndGlobalSection
	GlobalSection(ProjectConfigurationPlatforms) = postSolution
		{7F17252E-3732-451B-9090-775696B04AB9}.Debug|Any CPU.ActiveCfg = Debug|Any CPU
		{7F17252E-3732-451B-9090-775696B04AB9}.Debug|Any CPU.Build.0 = Debug|Any CPU
		{7F17252E-3732-451B-9090-775696B04AB9}.Release|Any CPU.ActiveCfg = Release|Any CPU
		{7F17252E-3732-451B-9090-775696B04AB9}.Release|Any CPU.Build.0 = Release|Any CPU
	EndGlobalSection
	GlobalSection(SolutionProperties) = preSolution
		HideSolutionNode = FALSE
	EndGlobalSection
	GlobalSection(ExtensibilityGlobals) = postSolution
		SolutionGuid = {3602C7F1-BE41-49CE-86B0-2929081741DB}
	EndGlobalSection
EndGlobal
